
Microsoft Visual Studio Solution File, Format Version 12.00
# Visual Studio Version 16
VisualStudioVersion = 16.0.28803.352
MinimumVisualStudioVersion = 10.0.40219.1
Project("{FAE04EC0-301F-11D3-BF4B-00C04F79EFBC}") = "Cytus2", "QQ\Cytus2.csproj", "{C58FE1D2-4B6E-4364-9F6F-4265B59B9406}"
EndProject
Global
	GlobalSection(SolutionConfigurationPlatforms) = preSolution
		Debug|Any CPU = Debug|Any CPU
		Release|Any CPU = Release|Any CPU
	EndGlobalSection
	GlobalSection(ProjectConfigurationPlatforms) = postSolution
		{C58FE1D2-4B6E-4364-9F6F-4265B59B9406}.Debug|Any CPU.ActiveCfg = Debug|Any CPU
		{C58FE1D2-4B6E-4364-9F6F-4265B59B9406}.Debug|Any CPU.Build.0 = Debug|Any CPU
		{C58FE1D2-4B6E-4364-9F6F-4265B59B9406}.Release|Any CPU.ActiveCfg = Release|Any CPU
		{C58FE1D2-4B6E-4364-9F6F-4265B59B9406}.Release|Any CPU.Build.0 = Release|Any CPU
	EndGlobalSection
	GlobalSection(SolutionProperties) = preSolution
		HideSolutionNode = FALSE
	EndGlobalSection
	GlobalSection(ExtensibilityGlobals) = postSolution
		SolutionGuid = {F65EAE7A-778C-4843-8FD1-9E131651FB1F}
	EndGlobalSection
EndGlobal
